
Microsoft Visual Studio Solution File, Format Version 12.00
# Visual Studio Version 17
VisualStudioVersion = 17.6.33815.320
MinimumVisualStudioVersion = 10.0.40219.1
Project("{FAE04EC0-301F-11D3-BF4B-00C04F79EFBC}") = "Regex", "Regex.csproj", "{515291DA-C83E-461C-8FAC-C79A06F87BB8}"
EndProject
Global
	GlobalSection(SolutionConfigurationPlatforms) = preSolution
		Debug|Any CPU = Debug|Any CPU
		Release|Any CPU = Release|Any CPU
	EndGlobalSection
	GlobalSection(ProjectConfigurationPlatforms) = postSolution
		{515291DA-C83E-461C-8FAC-C79A06F87BB8}.Debug|Any CPU.ActiveCfg = Debug|Any CPU
		{515291DA-C83E-461C-8FAC-C79A06F87BB8}.Debug|Any CPU.Build.0 = Debug|Any CPU
		{515291DA-C83E-461C-8FAC-C79A06F87BB8}.Release|Any CPU.ActiveCfg = Release|Any CPU
		{515291DA-C83E-461C-8FAC-C79A06F87BB8}.Release|Any CPU.Build.0 = Release|Any CPU
	EndGlobalSection
	GlobalSection(SolutionProperties) = preSolution
		HideSolutionNode = FALSE
	EndGlobalSection
	GlobalSection(ExtensibilityGlobals) = postSolution
		SolutionGuid = {2D85CC57-2196-4747-9FB1-9AFA83CBCE8F}
	EndGlobalSection
EndGlobal
